// !$*UTF8*$!
{
	archiveVersion = 1;
	classes = {
	};
	objectVersion = 46;
	objects = {

/* Begin PBXBuildFile section */
		08DF3D1115B898C5000A339D /* UIKit.framework in Frameworks */ = {isa = PBXBuildFile; fileRef = 08DF3D1015B898C5000A339D /* UIKit.framework */; };
		08DF3D1315B898C5000A339D /* Foundation.framework in Frameworks */ = {isa = PBXBuildFile; fileRef = 08DF3D1215B898C5000A339D /* Foundation.framework */; };
		08DF3D1515B898C5000A339D /* CoreGraphics.framework in Frameworks */ = {isa = PBXBuildFile; fileRef = 08DF3D1415B898C5000A339D /* CoreGraphics.framework */; };
		08DF3D1B15B898C5000A339D /* InfoPlist.strings in Resources */ = {isa = PBXBuildFile; fileRef = 08DF3D1915B898C5000A339D /* InfoPlist.strings */; };
		08DF3D1D15B898C5000A339D /* main.m in Sources */ = {isa = PBXBuildFile; fileRef = 08DF3D1C15B898C5000A339D /* main.m */; };
		08DF3D2115B898C5000A339D /* AppDelegate.m in Sources */ = {isa = PBXBuildFile; fileRef = 08DF3D2015B898C5000A339D /* AppDelegate.m */; };
		08DF3D2415B898C5000A339D /* AMResizableSplitViewController.m in Sources */ = {isa = PBXBuildFile; fileRef = 08DF3D2315B898C5000A339D /* AMResizableSplitViewController.m */; };
		08DF3D3015B898F3000A339D /* ImageViewController.m in Sources */ = {isa = PBXBuildFile; fileRef = 08DF3D2E15B898F3000A339D /* ImageViewController.m */; };
		08DF3D3115B898F3000A339D /* ImageViewController.xib in Resources */ = {isa = PBXBuildFile; fileRef = 08DF3D2F15B898F3000A339D /* ImageViewController.xib */; };
		08DF3D3815B8A112000A339D /* AMResizableSplitterView.m in Sources */ = {isa = PBXBuildFile; fileRef = 08DF3D3715B8A112000A339D /* AMResizableSplitterView.m */; };
		08DF3D3F15B9F095000A339D /* QuartzCore.framework in Frameworks */ = {isa = PBXBuildFile; fileRef = 08DF3D3E15B9F095000A339D /* QuartzCore.framework */; };
		08DF3D4215B9FD0C000A339D /* image1.jpg in Resources */ = {isa = PBXBuildFile; fileRef = 08DF3D4015B9FD0C000A339D /* image1.jpg */; };
		08DF3D4315B9FD0C000A339D /* image2.jpg in Resources */ = {isa = PBXBuildFile; fileRef = 08DF3D4115B9FD0C000A339D /* image2.jpg */; };
/* End PBXBuildFile section */

/* Begin PBXFileReference section */
		08DF3D0C15B898C5000A339D /* CustomSplitView.app */ = {isa = PBXFileReference; explicitFileType = wrapper.application; includeInIndex = 0; path = CustomSplitView.app; sourceTree = BUILT_PRODUCTS_DIR; };
		08DF3D1015B898C5000A339D /* UIKit.framework */ = {isa = PBXFileReference; lastKnownFileType = wrapper.framework; name = UIKit.framework; path = System/Library/Frameworks/UIKit.framework; sourceTree = SDKROOT; };
		08DF3D1215B898C5000A339D /* Foundation.framework */ = {isa = PBXFileReference; lastKnownFileType = wrapper.framework; name = Foundation.framework; path = System/Library/Frameworks/Foundation.framework; sourceTree = SDKROOT; };
		08DF3D1415B898C5000A339D /* CoreGraphics.framework */ = {isa = PBXFileReference; lastKnownFileType = wrapper.framework; name = CoreGraphics.framework; path = System/Library/Frameworks/CoreGraphics.framework; sourceTree = SDKROOT; };
		08DF3D1815B898C5000A339D /* CustomSplitView-Info.plist */ = {isa = PBXFileReference; lastKnownFileType = text.plist.xml; path = "CustomSplitView-Info.plist"; sourceTree = "<group>"; };
		08DF3D1A15B898C5000A339D /* en */ = {isa = PBXFileReference; lastKnownFileType = text.plist.strings; name = en; path = en.lproj/InfoPlist.strings; sourceTree = "<group>"; };
		08DF3D1C15B898C5000A339D /* main.m */ = {isa = PBXFileReference; lastKnownFileType = sourcecode.c.objc; path = main.m; sourceTree = "<group>"; };
		08DF3D1E15B898C5000A339D /* CustomSplitView-Prefix.pch */ = {isa = PBXFileReference; lastKnownFileType = sourcecode.c.h; path = "CustomSplitView-Prefix.pch"; sourceTree = "<group>"; };
		08DF3D1F15B898C5000A339D /* AppDelegate.h */ = {isa = PBXFileReference; lastKnownFileType = sourcecode.c.h; path = AppDelegate.h; sourceTree = "<group>"; };
		08DF3D2015B898C5000A339D /* AppDelegate.m */ = {isa = PBXFileReference; lastKnownFileType = sourcecode.c.objc; path = AppDelegate.m; sourceTree = "<group>"; };
		08DF3D2215B898C5000A339D /* AMResizableSplitViewController.h */ = {isa = PBXFileReference; lastKnownFileType = sourcecode.c.h; path = AMResizableSplitViewController.h; sourceTree = "<group>"; };
		08DF3D2315B898C5000A339D /* AMResizableSplitViewController.m */ = {isa = PBXFileReference; lastKnownFileType = sourcecode.c.objc; path = AMResizableSplitViewController.m; sourceTree = "<group>"; };
		08DF3D2D15B898F3000A339D /* ImageViewController.h */ = {isa = PBXFileReference; fileEncoding = 4; lastKnownFileType = sourcecode.c.h; path = ImageViewController.h; sourceTree = "<group>"; };
		08DF3D2E15B898F3000A339D /* ImageViewController.m */ = {isa = PBXFileReference; fileEncoding = 4; lastKnownFileType = sourcecode.c.objc; path = ImageViewController.m; sourceTree = "<group>"; };
		08DF3D2F15B898F3000A339D /* ImageViewController.xib */ = {isa = PBXFileReference; fileEncoding = 4; lastKnownFileType = file.xib; path = ImageViewController.xib; sourceTree = "<group>"; };
		08DF3D3615B8A112000A339D /* AMResizableSplitterView.h */ = {isa = PBXFileReference; fileEncoding = 4; lastKnownFileType = sourcecode.c.h; path = AMResizableSplitterView.h; sourceTree = "<group>"; };
		08DF3D3715B8A112000A339D /* AMResizableSplitterView.m */ = {isa = PBXFileReference; fileEncoding = 4; lastKnownFileType = sourcecode.c.objc; path = AMResizableSplitterView.m; sourceTree = "<group>"; };
		08DF3D3E15B9F095000A339D /* QuartzCore.framework */ = {isa = PBXFileReference; lastKnownFileType = wrapper.framework; name = QuartzCore.framework; path = System/Library/Frameworks/QuartzCore.framework; sourceTree = SDKROOT; };
		08DF3D4015B9FD0C000A339D /* image1.jpg */ = {isa = PBXFileReference; lastKnownFileType = image.jpeg; path = image1.jpg; sourceTree = "<group>"; };
		08DF3D4115B9FD0C000A339D /* image2.jpg */ = {isa = PBXFileReference; lastKnownFileType = image.jpeg; path = image2.jpg; sourceTree = "<group>"; };
/* End PBXFileReference section */

/* Begin PBXFrameworksBuildPhase section */
		08DF3D0915B898C5000A339D /* Frameworks */ = {
			isa = PBXFrameworksBuildPhase;
			buildActionMask = 2147483647;
			files = (
				08DF3D3F15B9F095000A339D /* QuartzCore.framework in Frameworks */,
				08DF3D1115B898C5000A339D /* UIKit.framework in Frameworks */,
				08DF3D1315B898C5000A339D /* Foundation.framework in Frameworks */,
				08DF3D1515B898C5000A339D /* CoreGraphics.framework in Frameworks */,
			);
			runOnlyForDeploymentPostprocessing = 0;
		};
/* End PBXFrameworksBuildPhase section */

/* Begin PBXGroup section */
		08DF3D0115B898C5000A339D = {
			isa = PBXGroup;
			children = (
				08DF3D1615B898C5000A339D /* CustomSplitView */,
				08DF3D0F15B898C5000A339D /* Frameworks */,
				08DF3D0D15B898C5000A339D /* Products */,
			);
			sourceTree = "<group>";
		};
		08DF3D0D15B898C5000A339D /* Products */ = {
			isa = PBXGroup;
			children = (
				08DF3D0C15B898C5000A339D /* CustomSplitView.app */,
			);
			name = Products;
			sourceTree = "<group>";
		};
		08DF3D0F15B898C5000A339D /* Frameworks */ = {
			isa = PBXGroup;
			children = (
				08DF3D3E15B9F095000A339D /* QuartzCore.framework */,
				08DF3D1015B898C5000A339D /* UIKit.framework */,
				08DF3D1215B898C5000A339D /* Foundation.framework */,
				08DF3D1415B898C5000A339D /* CoreGraphics.framework */,
			);
			name = Frameworks;
			sourceTree = "<group>";
		};
		08DF3D1615B898C5000A339D /* CustomSplitView */ = {
			isa = PBXGroup;
			children = (
				08DF3D1F15B898C5000A339D /* AppDelegate.h */,
				08DF3D2015B898C5000A339D /* AppDelegate.m */,
				08DF3D2215B898C5000A339D /* AMResizableSplitViewController.h */,
				08DF3D2315B898C5000A339D /* AMResizableSplitViewController.m */,
				08DF3D3615B8A112000A339D /* AMResizableSplitterView.h */,
				08DF3D3715B8A112000A339D /* AMResizableSplitterView.m */,
				08DF3D2D15B898F3000A339D /* ImageViewController.h */,
				08DF3D2E15B898F3000A339D /* ImageViewController.m */,
				08DF3D2F15B898F3000A339D /* ImageViewController.xib */,
				08DF3D1715B898C5000A339D /* Supporting Files */,
			);
			path = CustomSplitView;
			sourceTree = "<group>";
		};
		08DF3D1715B898C5000A339D /* Supporting Files */ = {
			isa = PBXGroup;
			children = (
				08DF3D1815B898C5000A339D /* CustomSplitView-Info.plist */,
				08DF3D1915B898C5000A339D /* InfoPlist.strings */,
				08DF3D1C15B898C5000A339D /* main.m */,
				08DF3D1E15B898C5000A339D /* CustomSplitView-Prefix.pch */,
				08DF3D4015B9FD0C000A339D /* image1.jpg */,
				08DF3D4115B9FD0C000A339D /* image2.jpg */,
			);
			name = "Supporting Files";
			sourceTree = "<group>";
		};
/* End PBXGroup section */

/* Begin PBXNativeTarget section */
		08DF3D0B15B898C5000A339D /* CustomSplitView */ = {
			isa = PBXNativeTarget;
			buildConfigurationList = 08DF3D2A15B898C5000A339D /* Build configuration list for PBXNativeTarget "CustomSplitView" */;
			buildPhases = (
				08DF3D0815B898C5000A339D /* Sources */,
				08DF3D0915B898C5000A339D /* Frameworks */,
				08DF3D0A15B898C5000A339D /* Resources */,
			);
			buildRules = (
			);
			dependencies = (
			);
			name = CustomSplitView;
			productName = CustomSplitView;
			productReference = 08DF3D0C15B898C5000A339D /* CustomSplitView.app */;
			productType = "com.apple.product-type.application";
		};
/* End PBXNativeTarget section */

/* Begin PBXProject section */
		08DF3D0315B898C5000A339D /* Project object */ = {
			isa = PBXProject;
			attributes = {
				LastUpgradeCheck = 0450;
				ORGANIZATIONNAME = "Agile Monks";
			};
			buildConfigurationList = 08DF3D0615B898C5000A339D /* Build configuration list for PBXProject "CustomSplitView" */;
			compatibilityVersion = "Xcode 3.2";
			developmentRegion = English;
			hasScannedForEncodings = 0;
			knownRegions = (
				en,
			);
			mainGroup = 08DF3D0115B898C5000A339D;
			productRefGroup = 08DF3D0D15B898C5000A339D /* Products */;
			projectDirPath = "";
			projectRoot = "";
			targets = (
				08DF3D0B15B898C5000A339D /* CustomSplitView */,
			);
		};
/* End PBXProject section */

/* Begin PBXResourcesBuildPhase section */
		08DF3D0A15B898C5000A339D /* Resources */ = {
			isa = PBXResourcesBuildPhase;
			buildActionMask = 2147483647;
			files = (
				08DF3D1B15B898C5000A339D /* InfoPlist.strings in Resources */,
				08DF3D3115B898F3000A339D /* ImageViewController.xib in Resources */,
				08DF3D4215B9FD0C000A339D /* image1.jpg in Resources */,
				08DF3D4315B9FD0C000A339D /* image2.jpg in Resources */,
			);
			runOnlyForDeploymentPostprocessing = 0;
		};
/* End PBXResourcesBuildPhase section */

/* Begin PBXSourcesBuildPhase section */
		08DF3D0815B898C5000A339D /* Sources */ = {
			isa = PBXSourcesBuildPhase;
			buildActionMask = 2147483647;
			files = (
				08DF3D1D15B898C5000A339D /* main.m in Sources */,
				08DF3D2115B898C5000A339D /* AppDelegate.m in Sources */,
				08DF3D2415B898C5000A339D /* AMResizableSplitViewController.m in Sources */,
				08DF3D3015B898F3000A339D /* ImageViewController.m in Sources */,
				08DF3D3815B8A112000A339D /* AMResizableSplitterView.m in Sources */,
			);
			runOnlyForDeploymentPostprocessing = 0;
		};
/* End PBXSourcesBuildPhase section */

/* Begin PBXVariantGroup section */
		08DF3D1915B898C5000A339D /* InfoPlist.strings */ = {
			isa = PBXVariantGroup;
			children = (
				08DF3D1A15B898C5000A339D /* en */,
			);
			name = InfoPlist.strings;
			sourceTree = "<group>";
		};
/* End PBXVariantGroup section */

/* Begin XCBuildConfiguration section */
		08DF3D2815B898C5000A339D /* Debug */ = {
			isa = XCBuildConfiguration;
			buildSettings = {
				ALWAYS_SEARCH_USER_PATHS = NO;
				CLANG_CXX_LANGUAGE_STANDARD = "gnu++0x";
				CLANG_CXX_LIBRARY = "libc++";
				CLANG_ENABLE_OBJC_ARC = YES;
				CLANG_WARN__DUPLICATE_METHOD_MATCH = YES;
				"CODE_SIGN_IDENTITY[sdk=iphoneos*]" = "iPhone Developer";
				COPY_PHASE_STRIP = NO;
				GCC_C_LANGUAGE_STANDARD = gnu99;
				GCC_DYNAMIC_NO_PIC = NO;
				GCC_OPTIMIZATION_LEVEL = 0;
				GCC_PREPROCESSOR_DEFINITIONS = (
					"DEBUG=1",
					"$(inherited)",
				);
				GCC_SYMBOLS_PRIVATE_EXTERN = NO;
				GCC_WARN_ABOUT_RETURN_TYPE = YES;
				GCC_WARN_UNINITIALIZED_AUTOS = YES;
				GCC_WARN_UNUSED_VARIABLE = YES;
				IPHONEOS_DEPLOYMENT_TARGET = 6.0;
				SDKROOT = iphoneos;
				TARGETED_DEVICE_FAMILY = 2;
			};
			name = Debug;
		};
		08DF3D2915B898C5000A339D /* Release */ = {
			isa = XCBuildConfiguration;
			buildSettings = {
				ALWAYS_SEARCH_USER_PATHS = NO;
				CLANG_CXX_LANGUAGE_STANDARD = "gnu++0x";
				CLANG_CXX_LIBRARY = "libc++";
				CLANG_ENABLE_OBJC_ARC = YES;
				CLANG_WARN__DUPLICATE_METHOD_MATCH = YES;
				"CODE_SIGN_IDENTITY[sdk=iphoneos*]" = "iPhone Developer";
				COPY_PHASE_STRIP = YES;
				GCC_C_LANGUAGE_STANDARD = gnu99;
				GCC_WARN_ABOUT_RETURN_TYPE = YES;
				GCC_WARN_UNINITIALIZED_AUTOS = YES;
				GCC_WARN_UNUSED_VARIABLE = YES;
				IPHONEOS_DEPLOYMENT_TARGET = 6.0;
				OTHER_CFLAGS = "-DNS_BLOCK_ASSERTIONS=1";
				SDKROOT = iphoneos;
				TARGETED_DEVICE_FAMILY = 2;
				VALIDATE_PRODUCT = YES;
			};
			name = Release;
		};
		08DF3D2B15B898C5000A339D /* Debug */ = {
			isa = XCBuildConfiguration;
			buildSettings = {
				GCC_PRECOMPILE_PREFIX_HEADER = YES;
				GCC_PREFIX_HEADER = "CustomSplitView/CustomSplitView-Prefix.pch";
				INFOPLIST_FILE = "CustomSplitView/CustomSplitView-Info.plist";
				IPHONEOS_DEPLOYMENT_TARGET = 5.1;
				PRODUCT_NAME = "$(TARGET_NAME)";
				WRAPPER_EXTENSION = app;
			};
			name = Debug;
		};
		08DF3D2C15B898C5000A339D /* Release */ = {
			isa = XCBuildConfiguration;
			buildSettings = {
				GCC_PRECOMPILE_PREFIX_HEADER = YES;
				GCC_PREFIX_HEADER = "CustomSplitView/CustomSplitView-Prefix.pch";
				INFOPLIST_FILE = "CustomSplitView/CustomSplitView-Info.plist";
				IPHONEOS_DEPLOYMENT_TARGET = 5.1;
				PRODUCT_NAME = "$(TARGET_NAME)";
				WRAPPER_EXTENSION = app;
			};
			name = Release;
		};
/* End XCBuildConfiguration section */

/* Begin XCConfigurationList section */
		08DF3D0615B898C5000A339D /* Build configuration list for PBXProject "CustomSplitView" */ = {
			isa = XCConfigurationList;
			buildConfigurations = (
				08DF3D2815B898C5000A339D /* Debug */,
				08DF3D2915B898C5000A339D /* Release */,
			);
			defaultConfigurationIsVisible = 0;
			defaultConfigurationName = Release;
		};
		08DF3D2A15B898C5000A339D /* Build configuration list for PBXNativeTarget "CustomSplitView" */ = {
			isa = XCConfigurationList;
			buildConfigurations = (
				08DF3D2B15B898C5000A339D /* Debug */,
				08DF3D2C15B898C5000A339D /* Release */,
			);
			defaultConfigurationIsVisible = 0;
			defaultConfigurationName = Release;
		};
/* End XCConfigurationList section */
	};
	rootObject = 08DF3D0315B898C5000A339D /* Project object */;
}
